
Microsoft Visual Studio Solution File, Format Version 12.00
Project("{FAE04EC0-301F-11D3-BF4B-00C04F79EFBC}") = "CS29", "CS29\CS29.csproj", "{0A65B353-82B2-452E-BA2E-144D26182667}"
EndProject
Global
	GlobalSection(SolutionConfigurationPlatforms) = preSolution
		Debug|Any CPU = Debug|Any CPU
		Release|Any CPU = Release|Any CPU
	EndGlobalSection
	GlobalSection(ProjectConfigurationPlatforms) = postSolution
		{0A65B353-82B2-452E-BA2E-144D26182667}.Debug|Any CPU.ActiveCfg = Debug|Any CPU
		{0A65B353-82B2-452E-BA2E-144D26182667}.Debug|Any CPU.Build.0 = Debug|Any CPU
		{0A65B353-82B2-452E-BA2E-144D26182667}.Release|Any CPU.ActiveCfg = Release|Any CPU
		{0A65B353-82B2-452E-BA2E-144D26182667}.Release|Any CPU.Build.0 = Release|Any CPU
	EndGlobalSection
EndGlobal
