
Microsoft Visual Studio Solution File, Format Version 12.00
Project("{FAE04EC0-301F-11D3-BF4B-00C04F79EFBC}") = "CS24", "CS24\CS24.csproj", "{7937296D-88CF-46A4-B96D-746E332C9897}"
EndProject
Global
	GlobalSection(SolutionConfigurationPlatforms) = preSolution
		Debug|Any CPU = Debug|Any CPU
		Release|Any CPU = Release|Any CPU
	EndGlobalSection
	GlobalSection(ProjectConfigurationPlatforms) = postSolution
		{7937296D-88CF-46A4-B96D-746E332C9897}.Debug|Any CPU.ActiveCfg = Debug|Any CPU
		{7937296D-88CF-46A4-B96D-746E332C9897}.Debug|Any CPU.Build.0 = Debug|Any CPU
		{7937296D-88CF-46A4-B96D-746E332C9897}.Release|Any CPU.ActiveCfg = Release|Any CPU
		{7937296D-88CF-46A4-B96D-746E332C9897}.Release|Any CPU.Build.0 = Release|Any CPU
	EndGlobalSection
EndGlobal
