
Microsoft Visual Studio Solution File, Format Version 12.00
Project("{FAE04EC0-301F-11D3-BF4B-00C04F79EFBC}") = "CS30", "CS30\CS30.csproj", "{9BC8FB4D-114D-4FB4-A654-966E7339EDEE}"
EndProject
Global
	GlobalSection(SolutionConfigurationPlatforms) = preSolution
		Debug|Any CPU = Debug|Any CPU
		Release|Any CPU = Release|Any CPU
	EndGlobalSection
	GlobalSection(ProjectConfigurationPlatforms) = postSolution
		{9BC8FB4D-114D-4FB4-A654-966E7339EDEE}.Debug|Any CPU.ActiveCfg = Debug|Any CPU
		{9BC8FB4D-114D-4FB4-A654-966E7339EDEE}.Debug|Any CPU.Build.0 = Debug|Any CPU
		{9BC8FB4D-114D-4FB4-A654-966E7339EDEE}.Release|Any CPU.ActiveCfg = Release|Any CPU
		{9BC8FB4D-114D-4FB4-A654-966E7339EDEE}.Release|Any CPU.Build.0 = Release|Any CPU
	EndGlobalSection
EndGlobal
